
Microsoft Visual Studio Solution File, Format Version 12.00
# Visual Studio Version 16
VisualStudioVersion = 16.0.808.6
MinimumVisualStudioVersion = 10.0.40219.1
Project("{FAE04EC0-301F-11D3-BF4B-00C04F79EFBC}") = "SoftwareCampHomework", "SoftwareCampHomework\SoftwareCampHomework.csproj", "{F446656E-08CD-40EA-AD00-3F927A42D425}"
EndProject
Project("{FAE04EC0-301F-11D3-BF4B-00C04F79EFBC}") = "MyDictionary", "MyDictionary\MyDictionary.csproj", "{DD74852D-1C6F-4398-A57D-84B88FE26610}"
EndProject
Project("{FAE04EC0-301F-11D3-BF4B-00C04F79EFBC}") = "ClassMethodDemo", "ClassMethodDemo\ClassMethodDemo.csproj", "{6738F604-F04E-4816-9794-617D55A6B60B}"
EndProject
Global
	GlobalSection(SolutionConfigurationPlatforms) = preSolution
		Debug|Any CPU = Debug|Any CPU
		Release|Any CPU = Release|Any CPU
	EndGlobalSection
	GlobalSection(ProjectConfigurationPlatforms) = postSolution
		{F446656E-08CD-40EA-AD00-3F927A42D425}.Debug|Any CPU.ActiveCfg = Debug|Any CPU
		{F446656E-08CD-40EA-AD00-3F927A42D425}.Debug|Any CPU.Build.0 = Debug|Any CPU
		{F446656E-08CD-40EA-AD00-3F927A42D425}.Release|Any CPU.ActiveCfg = Release|Any CPU
		{F446656E-08CD-40EA-AD00-3F927A42D425}.Release|Any CPU.Build.0 = Release|Any CPU
		{DD74852D-1C6F-4398-A57D-84B88FE26610}.Debug|Any CPU.ActiveCfg = Debug|Any CPU
		{DD74852D-1C6F-4398-A57D-84B88FE26610}.Debug|Any CPU.Build.0 = Debug|Any CPU
		{DD74852D-1C6F-4398-A57D-84B88FE26610}.Release|Any CPU.ActiveCfg = Release|Any CPU
		{DD74852D-1C6F-4398-A57D-84B88FE26610}.Release|Any CPU.Build.0 = Release|Any CPU
		{6738F604-F04E-4816-9794-617D55A6B60B}.Debug|Any CPU.ActiveCfg = Debug|Any CPU
		{6738F604-F04E-4816-9794-617D55A6B60B}.Debug|Any CPU.Build.0 = Debug|Any CPU
		{6738F604-F04E-4816-9794-617D55A6B60B}.Release|Any CPU.ActiveCfg = Release|Any CPU
		{6738F604-F04E-4816-9794-617D55A6B60B}.Release|Any CPU.Build.0 = Release|Any CPU
	EndGlobalSection
	GlobalSection(SolutionProperties) = preSolution
		HideSolutionNode = FALSE
	EndGlobalSection
	GlobalSection(ExtensibilityGlobals) = postSolution
		SolutionGuid = {C50A3BF3-60D2-46DA-B533-E60544B0D457}
	EndGlobalSection
EndGlobal
